{
  "name": "js_project_template",
  "version": "0.0.1",
  "lockfileVersion": 1,
  "requires": true,
  "dependencies": {
    "typescript": {
      "version": "2.9.0-dev.20180411",
      "resolved": "https://registry.npmjs.org/typescript/-/typescript-2.9.0-dev.20180411.tgz",
      "integrity": "sha512-5YCBzhxdkzCsH3/AWBCiaF1xB6dNs/KGdo1F0uRcouL65YL+d4+/2kT26AoXpFxeRfaeDTqX4Ds0ndYdaugnyA==",
      "dev": true
    }
  }
}
